
Microsoft Visual Studio Solution File, Format Version 12.00
# Visual Studio Version 16
VisualStudioVersion = 16.0.31829.152
MinimumVisualStudioVersion = 10.0.40219.1
Project("{FAE04EC0-301F-11D3-BF4B-00C04F79EFBC}") = "Serializzazione_4", "Serializzazione_4\Serializzazione_4.csproj", "{7DED1CB6-3EF8-4F19-B72D-11153205830E}"
EndProject
Global
	GlobalSection(SolutionConfigurationPlatforms) = preSolution
		Debug|Any CPU = Debug|Any CPU
		Release|Any CPU = Release|Any CPU
	EndGlobalSection
	GlobalSection(ProjectConfigurationPlatforms) = postSolution
		{7DED1CB6-3EF8-4F19-B72D-11153205830E}.Debug|Any CPU.ActiveCfg = Debug|Any CPU
		{7DED1CB6-3EF8-4F19-B72D-11153205830E}.Debug|Any CPU.Build.0 = Debug|Any CPU
		{7DED1CB6-3EF8-4F19-B72D-11153205830E}.Release|Any CPU.ActiveCfg = Release|Any CPU
		{7DED1CB6-3EF8-4F19-B72D-11153205830E}.Release|Any CPU.Build.0 = Release|Any CPU
	EndGlobalSection
	GlobalSection(SolutionProperties) = preSolution
		HideSolutionNode = FALSE
	EndGlobalSection
	GlobalSection(ExtensibilityGlobals) = postSolution
		SolutionGuid = {D755E341-7F64-4C00-BD7B-BEE69D3F6667}
	EndGlobalSection
EndGlobal
